
Microsoft Visual Studio Solution File, Format Version 12.00
# Visual Studio Version 17
VisualStudioVersion = 17.9.34701.34
MinimumVisualStudioVersion = 10.0.40219.1
Project("{FAE04EC0-301F-11D3-BF4B-00C04F79EFBC}") = "ExemploException", "ExemploException.csproj", "{B899B3C4-C2BA-40CD-AFCF-2FDEBEA33285}"
EndProject
Global
	GlobalSection(SolutionConfigurationPlatforms) = preSolution
		Debug|Any CPU = Debug|Any CPU
		Release|Any CPU = Release|Any CPU
	EndGlobalSection
	GlobalSection(ProjectConfigurationPlatforms) = postSolution
		{B899B3C4-C2BA-40CD-AFCF-2FDEBEA33285}.Debug|Any CPU.ActiveCfg = Debug|Any CPU
		{B899B3C4-C2BA-40CD-AFCF-2FDEBEA33285}.Debug|Any CPU.Build.0 = Debug|Any CPU
		{B899B3C4-C2BA-40CD-AFCF-2FDEBEA33285}.Release|Any CPU.ActiveCfg = Release|Any CPU
		{B899B3C4-C2BA-40CD-AFCF-2FDEBEA33285}.Release|Any CPU.Build.0 = Release|Any CPU
	EndGlobalSection
	GlobalSection(SolutionProperties) = preSolution
		HideSolutionNode = FALSE
	EndGlobalSection
	GlobalSection(ExtensibilityGlobals) = postSolution
		SolutionGuid = {87EC427F-4898-42A2-90C4-C45147C1D470}
	EndGlobalSection
EndGlobal
